<?xml version="1.0" encoding="utf-8"?>
<Project ToolsVersion="4.0" xmlns="http://schemas.microsoft.com/developer/msbuild/2003">
  <ItemGroup>
    <Filter Include="소스 파일">
      <UniqueIdentifier>{4FC737F1-C7A5-4376-A066-2A32D752A2FF}</UniqueIdentifier>
      <Extensions>cpp;c;cc;cxx;c++;cppm;ixx;def;odl;idl;hpj;bat;asm;asmx</Extensions>
    </Filter>
    <Filter Include="헤더 파일">
      <UniqueIdentifier>{93995380-89BD-4b04-88EB-625FBE52EBFB}</UniqueIdentifier>
      <Extensions>h;hh;hpp;hxx;h++;hm;inl;inc;ipp;xsd</Extensions>
    </Filter>
    <Filter Include="리소스 파일">
      <UniqueIdentifier>{67DA6AB6-F800-4c08-8B7A-83BB121AAD01}</UniqueIdentifier>
      <Extensions>rc;ico;cur;bmp;dlg;rc2;rct;bin;rgs;gif;jpg;jpeg;jpe;resx;tiff;tif;png;wav;mfcribbon-ms</Extensions>
    </Filter>
    <Filter Include="소스 파일\DFS+BFS추천문제">
      <UniqueIdentifier>{c8bcb374-d069-4839-be01-ebfd5e05b064}</UniqueIdentifier>
    </Filter>
    <Filter Include="소스 파일\DFS+BFS">
      <UniqueIdentifier>{b5b5aa8c-32ae-4143-8d1a-ff7dd4999068}</UniqueIdentifier>
    </Filter>
    <Filter Include="소스 파일\SW역량테스트 준비">
      <UniqueIdentifier>{c75ac9cb-b4ff-4d78-8782-5dfa4630b8b5}</UniqueIdentifier>
    </Filter>
    <Filter Include="소스 파일\삼성 SW a형 대비">
      <UniqueIdentifier>{1478e298-2a26-4f78-bdf2-64dc4913cc98}</UniqueIdentifier>
    </Filter>
    <Filter Include="소스 파일\삼성 SW 역량 테스트 기출문제">
      <UniqueIdentifier>{fdac81ab-ec12-4e1d-9378-25383c46ab2b}</UniqueIdentifier>
    </Filter>
    <Filter Include="소스 파일\추가 구현 문제">
      <UniqueIdentifier>{2fbe93c8-cd2c-4ce3-bb31-b7883a72aec3}</UniqueIdentifier>
    </Filter>
  </ItemGroup>
  <ItemGroup>
    <ClCompile Include="..\..\..\Downloads\Algorithm_Study-main\Algorithm_Study-main\DFS, BFS 추천문제\DSLR.cpp">
      <Filter>소스 파일\DFS+BFS추천문제</Filter>
    </ClCompile>
    <ClCompile Include="..\..\..\Downloads\Algorithm_Study-main\Algorithm_Study-main\DFS, BFS 추천문제\Puyo Puyo.cpp">
      <Filter>소스 파일\DFS+BFS추천문제</Filter>
    </ClCompile>
    <ClCompile Include="..\..\..\Downloads\Algorithm_Study-main\Algorithm_Study-main\DFS, BFS 추천문제\다리만들기.cpp">
      <Filter>소스 파일\DFS+BFS추천문제</Filter>
    </ClCompile>
    <ClCompile Include="..\..\..\Downloads\Algorithm_Study-main\Algorithm_Study-main\DFS, BFS 추천문제\로봇.cpp">
      <Filter>소스 파일\DFS+BFS추천문제</Filter>
    </ClCompile>
    <ClCompile Include="..\..\..\Downloads\Algorithm_Study-main\Algorithm_Study-main\DFS, BFS 추천문제\말이 되고픈 원숭이.cpp">
      <Filter>소스 파일\DFS+BFS추천문제</Filter>
    </ClCompile>
    <ClCompile Include="..\..\..\Downloads\Algorithm_Study-main\Algorithm_Study-main\DFS, BFS 추천문제\반복수열.cpp">
      <Filter>소스 파일\DFS+BFS추천문제</Filter>
    </ClCompile>
    <ClCompile Include="..\..\..\Downloads\Algorithm_Study-main\Algorithm_Study-main\DFS, BFS 추천문제\벽 부수고 이동하기.cpp">
      <Filter>소스 파일\DFS+BFS추천문제</Filter>
    </ClCompile>
    <ClCompile Include="..\..\..\Downloads\Algorithm_Study-main\Algorithm_Study-main\DFS, BFS 추천문제\성곽.cpp">
      <Filter>소스 파일\DFS+BFS추천문제</Filter>
    </ClCompile>
    <ClCompile Include="..\..\..\Downloads\Algorithm_Study-main\Algorithm_Study-main\DFS, BFS 추천문제\순열 사이클.cpp">
      <Filter>소스 파일\DFS+BFS추천문제</Filter>
    </ClCompile>
    <ClCompile Include="..\..\..\Downloads\Algorithm_Study-main\Algorithm_Study-main\DFS, BFS 추천문제\알파벳.cpp">
      <Filter>소스 파일\DFS+BFS추천문제</Filter>
    </ClCompile>
    <ClCompile Include="..\..\..\Downloads\Algorithm_Study-main\Algorithm_Study-main\DFS, BFS 추천문제\연결요소의개수.cpp">
      <Filter>소스 파일\DFS+BFS추천문제</Filter>
    </ClCompile>
    <ClCompile Include="..\..\..\Downloads\Algorithm_Study-main\Algorithm_Study-main\DFS, BFS 추천문제\영역구하기.cpp">
      <Filter>소스 파일\DFS+BFS추천문제</Filter>
    </ClCompile>
    <ClCompile Include="..\..\..\Downloads\Algorithm_Study-main\Algorithm_Study-main\DFS, BFS 추천문제\외판원 순회2.cpp">
      <Filter>소스 파일\DFS+BFS추천문제</Filter>
    </ClCompile>
    <ClCompile Include="..\..\..\Downloads\Algorithm_Study-main\Algorithm_Study-main\DFS, BFS 추천문제\케빈 베이컨의 6단계 법칙.cpp">
      <Filter>소스 파일\DFS+BFS추천문제</Filter>
    </ClCompile>
    <ClCompile Include="..\..\..\Downloads\Algorithm_Study-main\Algorithm_Study-main\DFS, BFS 추천문제\퍼즐.cpp">
      <Filter>소스 파일\DFS+BFS추천문제</Filter>
    </ClCompile>
    <ClCompile Include="..\..\..\Downloads\Algorithm_Study-main\Algorithm_Study-main\DFS+BFS\단지번호붙이기.cpp">
      <Filter>소스 파일\DFS+BFS</Filter>
    </ClCompile>
    <ClCompile Include="..\..\..\Downloads\Algorithm_Study-main\Algorithm_Study-main\DFS+BFS\맥주 마시면서 걸어가기.cpp">
      <Filter>소스 파일\DFS+BFS</Filter>
    </ClCompile>
    <ClCompile Include="..\..\..\Downloads\Algorithm_Study-main\Algorithm_Study-main\DFS+BFS\미로탐색.cpp">
      <Filter>소스 파일\DFS+BFS</Filter>
    </ClCompile>
    <ClCompile Include="..\..\..\Downloads\Algorithm_Study-main\Algorithm_Study-main\DFS+BFS\바이러스.cpp">
      <Filter>소스 파일\DFS+BFS</Filter>
    </ClCompile>
    <ClCompile Include="..\..\..\Downloads\Algorithm_Study-main\Algorithm_Study-main\DFS+BFS\빙산.cpp">
      <Filter>소스 파일\DFS+BFS</Filter>
    </ClCompile>
    <ClCompile Include="..\..\..\Downloads\Algorithm_Study-main\Algorithm_Study-main\DFS+BFS\숨바꼭질.cpp">
      <Filter>소스 파일\DFS+BFS</Filter>
    </ClCompile>
    <ClCompile Include="..\..\..\Downloads\Algorithm_Study-main\Algorithm_Study-main\DFS+BFS\스타트링크.cpp">
      <Filter>소스 파일\DFS+BFS</Filter>
    </ClCompile>
    <ClCompile Include="..\..\..\Downloads\Algorithm_Study-main\Algorithm_Study-main\DFS+BFS\안전영역.cpp">
      <Filter>소스 파일\DFS+BFS</Filter>
    </ClCompile>
    <ClCompile Include="..\..\..\Downloads\Algorithm_Study-main\Algorithm_Study-main\DFS+BFS\촌수계산.cpp">
      <Filter>소스 파일\DFS+BFS</Filter>
    </ClCompile>
    <ClCompile Include="..\..\..\Downloads\Algorithm_Study-main\Algorithm_Study-main\DFS+BFS\토마토.cpp">
      <Filter>소스 파일\DFS+BFS</Filter>
    </ClCompile>
    <ClCompile Include="..\..\..\Downloads\Algorithm_Study-main\Algorithm_Study-main\SW역량테스트 준비\포도주 시식.cpp">
      <Filter>소스 파일\SW역량테스트 준비</Filter>
    </ClCompile>
    <ClCompile Include="..\..\..\Downloads\Algorithm_Study-main\Algorithm_Study-main\SW역량테스트 준비\Z.cpp">
      <Filter>소스 파일\SW역량테스트 준비</Filter>
    </ClCompile>
    <ClCompile Include="..\..\..\Downloads\Algorithm_Study-main\Algorithm_Study-main\SW역량테스트 준비\가르침.cpp">
      <Filter>소스 파일\SW역량테스트 준비</Filter>
    </ClCompile>
    <ClCompile Include="..\..\..\Downloads\Algorithm_Study-main\Algorithm_Study-main\SW역량테스트 준비\게임.cpp">
      <Filter>소스 파일\SW역량테스트 준비</Filter>
    </ClCompile>
    <ClCompile Include="..\..\..\Downloads\Algorithm_Study-main\Algorithm_Study-main\SW역량테스트 준비\나이트투어.cpp">
      <Filter>소스 파일\SW역량테스트 준비</Filter>
    </ClCompile>
    <ClCompile Include="..\..\..\Downloads\Algorithm_Study-main\Algorithm_Study-main\SW역량테스트 준비\내리막 길.cpp">
      <Filter>소스 파일\SW역량테스트 준비</Filter>
    </ClCompile>
    <ClCompile Include="..\..\..\Downloads\Algorithm_Study-main\Algorithm_Study-main\SW역량테스트 준비\달이차오른다,가자.cpp">
      <Filter>소스 파일\SW역량테스트 준비</Filter>
    </ClCompile>
    <ClCompile Include="..\..\..\Downloads\Algorithm_Study-main\Algorithm_Study-main\SW역량테스트 준비\마피아.cpp">
      <Filter>소스 파일\SW역량테스트 준비</Filter>
    </ClCompile>
    <ClCompile Include="..\..\..\Downloads\Algorithm_Study-main\Algorithm_Study-main\SW역량테스트 준비\물통.cpp">
      <Filter>소스 파일\SW역량테스트 준비</Filter>
    </ClCompile>
    <ClCompile Include="..\..\..\Downloads\Algorithm_Study-main\Algorithm_Study-main\SW역량테스트 준비\미로만들기.cpp">
      <Filter>소스 파일\SW역량테스트 준비</Filter>
    </ClCompile>
    <ClCompile Include="..\..\..\Downloads\Algorithm_Study-main\Algorithm_Study-main\SW역량테스트 준비\버스갈아타기.cpp">
      <Filter>소스 파일\SW역량테스트 준비</Filter>
    </ClCompile>
    <ClCompile Include="..\..\..\Downloads\Algorithm_Study-main\Algorithm_Study-main\SW역량테스트 준비\보물.cpp">
      <Filter>소스 파일\SW역량테스트 준비</Filter>
    </ClCompile>
    <ClCompile Include="..\..\..\Downloads\Algorithm_Study-main\Algorithm_Study-main\SW역량테스트 준비\보물섬.cpp">
      <Filter>소스 파일\SW역량테스트 준비</Filter>
    </ClCompile>
    <ClCompile Include="..\..\..\Downloads\Algorithm_Study-main\Algorithm_Study-main\SW역량테스트 준비\수영장 만들기.cpp">
      <Filter>소스 파일\SW역량테스트 준비</Filter>
    </ClCompile>
    <ClCompile Include="..\..\..\Downloads\Algorithm_Study-main\Algorithm_Study-main\SW역량테스트 준비\숫자판 점프.cpp">
      <Filter>소스 파일\SW역량테스트 준비</Filter>
    </ClCompile>
    <ClCompile Include="..\..\..\Downloads\Algorithm_Study-main\Algorithm_Study-main\SW역량테스트 준비\일곱 난쟁이.cpp">
      <Filter>소스 파일\SW역량테스트 준비</Filter>
    </ClCompile>
    <ClCompile Include="..\..\..\Downloads\Algorithm_Study-main\Algorithm_Study-main\SW역량테스트 준비\점프.cpp">
      <Filter>소스 파일\SW역량테스트 준비</Filter>
    </ClCompile>
    <ClCompile Include="..\..\..\Downloads\Algorithm_Study-main\Algorithm_Study-main\SW역량테스트 준비\체스.cpp">
      <Filter>소스 파일\SW역량테스트 준비</Filter>
    </ClCompile>
    <ClCompile Include="..\..\..\Downloads\Algorithm_Study-main\Algorithm_Study-main\SW역량테스트 준비\체스판다시칠하기.cpp">
      <Filter>소스 파일\SW역량테스트 준비</Filter>
    </ClCompile>
    <ClCompile Include="..\..\..\Downloads\Algorithm_Study-main\Algorithm_Study-main\SW역량테스트 준비\킹.cpp">
      <Filter>소스 파일\SW역량테스트 준비</Filter>
    </ClCompile>
    <ClCompile Include="..\..\..\Downloads\Algorithm_Study-main\Algorithm_Study-main\SW역량테스트 준비\통나무 옮기기.cpp">
      <Filter>소스 파일\SW역량테스트 준비</Filter>
    </ClCompile>
    <ClCompile Include="..\..\..\Downloads\Algorithm_Study-main\Algorithm_Study-main\추가 구현 문제\CHEESE.cpp">
      <Filter>소스 파일\추가 구현 문제</Filter>
    </ClCompile>
    <ClCompile Include="..\..\..\Downloads\Algorithm_Study-main\Algorithm_Study-main\추가 구현 문제\GR지수.cpp">
      <Filter>소스 파일\추가 구현 문제</Filter>
    </ClCompile>
    <ClCompile Include="..\..\..\Downloads\Algorithm_Study-main\Algorithm_Study-main\추가 구현 문제\ICEBERG.cpp">
      <Filter>소스 파일\추가 구현 문제</Filter>
    </ClCompile>
    <ClCompile Include="..\..\..\Downloads\Algorithm_Study-main\Algorithm_Study-main\추가 구현 문제\ROBOT.cpp">
      <Filter>소스 파일\추가 구현 문제</Filter>
    </ClCompile>
    <ClCompile Include="..\..\..\Downloads\Algorithm_Study-main\Algorithm_Study-main\추가 구현 문제\SLIKAR.cpp">
      <Filter>소스 파일\추가 구현 문제</Filter>
    </ClCompile>
    <ClCompile Include="..\..\..\Downloads\Algorithm_Study-main\Algorithm_Study-main\추가 구현 문제\TOMATO.cpp">
      <Filter>소스 파일\추가 구현 문제</Filter>
    </ClCompile>
    <ClCompile Include="..\..\..\Downloads\Algorithm_Study-main\Algorithm_Study-main\추가 구현 문제\단백질사냥꾼.cpp">
      <Filter>소스 파일\추가 구현 문제</Filter>
    </ClCompile>
    <ClCompile Include="..\..\..\Downloads\Algorithm_Study-main\Algorithm_Study-main\추가 구현 문제\로봇청소기.cpp">
      <Filter>소스 파일\추가 구현 문제</Filter>
    </ClCompile>
    <ClCompile Include="..\..\..\Downloads\Algorithm_Study-main\Algorithm_Study-main\추가 구현 문제\물풍선제거.cpp">
      <Filter>소스 파일\추가 구현 문제</Filter>
    </ClCompile>
    <ClCompile Include="..\..\..\Downloads\Algorithm_Study-main\Algorithm_Study-main\추가 구현 문제\숙소 비밀번호.cpp">
      <Filter>소스 파일\추가 구현 문제</Filter>
    </ClCompile>
    <ClCompile Include="..\..\..\Downloads\Algorithm_Study-main\Algorithm_Study-main\추가 구현 문제\스키장건설.cpp">
      <Filter>소스 파일\추가 구현 문제</Filter>
    </ClCompile>
    <ClCompile Include="..\..\..\Downloads\Algorithm_Study-main\Algorithm_Study-main\추가 구현 문제\지뢰제거.cpp">
      <Filter>소스 파일\추가 구현 문제</Filter>
    </ClCompile>
    <ClCompile Include="..\..\..\Downloads\Algorithm_Study-main\Algorithm_Study-main\추가 구현 문제\지형조사.cpp">
      <Filter>소스 파일\추가 구현 문제</Filter>
    </ClCompile>
    <ClCompile Include="..\..\..\Downloads\Algorithm_Study-main\Algorithm_Study-main\추가 구현 문제\호감레이더.cpp">
      <Filter>소스 파일\추가 구현 문제</Filter>
    </ClCompile>
    <ClCompile Include="..\..\..\Downloads\Algorithm_Study-main\Algorithm_Study-main\삼성 SW a형 대비 - BFS+빡구현\화물차.cpp">
      <Filter>소스 파일\삼성 SW a형 대비</Filter>
    </ClCompile>
    <ClCompile Include="..\..\..\Downloads\Algorithm_Study-main\Algorithm_Study-main\삼성 SW a형 대비 - BFS+빡구현\Two Dots.cpp">
      <Filter>소스 파일\삼성 SW a형 대비</Filter>
    </ClCompile>
    <ClCompile Include="..\..\..\Downloads\Algorithm_Study-main\Algorithm_Study-main\삼성 SW a형 대비 - BFS+빡구현\견우와 직녀.cpp">
      <Filter>소스 파일\삼성 SW a형 대비</Filter>
    </ClCompile>
    <ClCompile Include="..\..\..\Downloads\Algorithm_Study-main\Algorithm_Study-main\삼성 SW a형 대비 - BFS+빡구현\공주님을 구해라!.cpp">
      <Filter>소스 파일\삼성 SW a형 대비</Filter>
    </ClCompile>
    <ClCompile Include="..\..\..\Downloads\Algorithm_Study-main\Algorithm_Study-main\삼성 SW a형 대비 - BFS+빡구현\로봇청소기.cpp">
      <Filter>소스 파일\삼성 SW a형 대비</Filter>
    </ClCompile>
    <ClCompile Include="..\..\..\Downloads\Algorithm_Study-main\Algorithm_Study-main\삼성 SW a형 대비 - BFS+빡구현\불.cpp">
      <Filter>소스 파일\삼성 SW a형 대비</Filter>
    </ClCompile>
    <ClCompile Include="..\..\..\Downloads\Algorithm_Study-main\Algorithm_Study-main\삼성 SW a형 대비 - BFS+빡구현\성곽.cpp">
      <Filter>소스 파일\삼성 SW a형 대비</Filter>
    </ClCompile>
    <ClCompile Include="..\..\..\Downloads\Algorithm_Study-main\Algorithm_Study-main\삼성 SW a형 대비 - BFS+빡구현\아기 상어.cpp">
      <Filter>소스 파일\삼성 SW a형 대비</Filter>
    </ClCompile>
    <ClCompile Include="..\..\..\Downloads\Algorithm_Study-main\Algorithm_Study-main\삼성 SW a형 대비 - BFS+빡구현\아맞다우산.cpp">
      <Filter>소스 파일\삼성 SW a형 대비</Filter>
    </ClCompile>
    <ClCompile Include="..\..\..\Downloads\Algorithm_Study-main\Algorithm_Study-main\삼성 SW a형 대비 - BFS+빡구현\움직이는 미로 탈출.cpp">
      <Filter>소스 파일\삼성 SW a형 대비</Filter>
    </ClCompile>
    <ClCompile Include="..\..\..\Downloads\Algorithm_Study-main\Algorithm_Study-main\삼성 SW a형 대비 - BFS+빡구현\탈출.cpp">
      <Filter>소스 파일\삼성 SW a형 대비</Filter>
    </ClCompile>
    <ClCompile Include="..\..\..\Downloads\Algorithm_Study-main\Algorithm_Study-main\삼성 SW 역량 테스트 기출문제\드레곤커브.cpp">
      <Filter>소스 파일\삼성 SW 역량 테스트 기출문제</Filter>
    </ClCompile>
    <ClCompile Include="..\..\..\Downloads\Algorithm_Study-main\Algorithm_Study-main\삼성 SW 역량 테스트 기출문제\로봇청소기.cpp">
      <Filter>소스 파일\삼성 SW 역량 테스트 기출문제</Filter>
    </ClCompile>
    <ClCompile Include="..\..\..\Downloads\Algorithm_Study-main\Algorithm_Study-main\삼성 SW 역량 테스트 기출문제\마법사 상어와 토네이도.cpp">
      <Filter>소스 파일\삼성 SW 역량 테스트 기출문제</Filter>
    </ClCompile>
    <ClCompile Include="..\..\..\Downloads\Algorithm_Study-main\Algorithm_Study-main\삼성 SW 역량 테스트 기출문제\마법사 상어와 파이어볼.cpp">
      <Filter>소스 파일\삼성 SW 역량 테스트 기출문제</Filter>
    </ClCompile>
    <ClCompile Include="..\..\..\Downloads\Algorithm_Study-main\Algorithm_Study-main\삼성 SW 역량 테스트 기출문제\마법사 상어와 파이어스톰.cpp">
      <Filter>소스 파일\삼성 SW 역량 테스트 기출문제</Filter>
    </ClCompile>
    <ClCompile Include="..\..\..\Downloads\Algorithm_Study-main\Algorithm_Study-main\삼성 SW 역량 테스트 기출문제\모노미노도미노2.cpp">
      <Filter>소스 파일\삼성 SW 역량 테스트 기출문제</Filter>
    </ClCompile>
    <ClCompile Include="..\..\..\Downloads\Algorithm_Study-main\Algorithm_Study-main\삼성 SW 역량 테스트 기출문제\미세먼지안녕!.cpp">
      <Filter>소스 파일\삼성 SW 역량 테스트 기출문제</Filter>
    </ClCompile>
    <ClCompile Include="..\..\..\Downloads\Algorithm_Study-main\Algorithm_Study-main\삼성 SW 역량 테스트 기출문제\뱀.cpp">
      <Filter>소스 파일\삼성 SW 역량 테스트 기출문제</Filter>
    </ClCompile>
    <ClCompile Include="..\..\..\Downloads\Algorithm_Study-main\Algorithm_Study-main\삼성 SW 역량 테스트 기출문제\사다리조작.cpp">
      <Filter>소스 파일\삼성 SW 역량 테스트 기출문제</Filter>
    </ClCompile>
    <ClCompile Include="..\..\..\Downloads\Algorithm_Study-main\Algorithm_Study-main\삼성 SW 역량 테스트 기출문제\새로운문제2.cpp">
      <Filter>소스 파일\삼성 SW 역량 테스트 기출문제</Filter>
    </ClCompile>
    <ClCompile Include="..\..\..\Downloads\Algorithm_Study-main\Algorithm_Study-main\삼성 SW 역량 테스트 기출문제\스타트와링크.cpp">
      <Filter>소스 파일\삼성 SW 역량 테스트 기출문제</Filter>
    </ClCompile>
    <ClCompile Include="..\..\..\Downloads\Algorithm_Study-main\Algorithm_Study-main\삼성 SW 역량 테스트 기출문제\스타트택시.cpp">
      <Filter>소스 파일\삼성 SW 역량 테스트 기출문제</Filter>
    </ClCompile>
    <ClCompile Include="..\..\..\Downloads\Algorithm_Study-main\Algorithm_Study-main\삼성 SW 역량 테스트 기출문제\시험감독.cpp">
      <Filter>소스 파일\삼성 SW 역량 테스트 기출문제</Filter>
    </ClCompile>
    <ClCompile Include="..\..\..\Downloads\Algorithm_Study-main\Algorithm_Study-main\삼성 SW 역량 테스트 기출문제\아기상어.cpp">
      <Filter>소스 파일\삼성 SW 역량 테스트 기출문제</Filter>
    </ClCompile>
    <ClCompile Include="..\..\..\Downloads\Algorithm_Study-main\Algorithm_Study-main\삼성 SW 역량 테스트 기출문제\어른상어.cpp">
      <Filter>소스 파일\삼성 SW 역량 테스트 기출문제</Filter>
    </ClCompile>
    <ClCompile Include="..\..\..\Downloads\Algorithm_Study-main\Algorithm_Study-main\삼성 SW 역량 테스트 기출문제\연구소.cpp">
      <Filter>소스 파일\삼성 SW 역량 테스트 기출문제</Filter>
    </ClCompile>
    <ClCompile Include="..\..\..\Downloads\Algorithm_Study-main\Algorithm_Study-main\삼성 SW 역량 테스트 기출문제\연구소3.cpp">
      <Filter>소스 파일\삼성 SW 역량 테스트 기출문제</Filter>
    </ClCompile>
    <ClCompile Include="..\..\..\Downloads\Algorithm_Study-main\Algorithm_Study-main\삼성 SW 역량 테스트 기출문제\연산자 끼워넣기.cpp">
      <Filter>소스 파일\삼성 SW 역량 테스트 기출문제</Filter>
    </ClCompile>
    <ClCompile Include="..\..\..\Downloads\Algorithm_Study-main\Algorithm_Study-main\삼성 SW 역량 테스트 기출문제\원판돌리기.cpp">
      <Filter>소스 파일\삼성 SW 역량 테스트 기출문제</Filter>
    </ClCompile>
    <ClCompile Include="..\..\..\Downloads\Algorithm_Study-main\Algorithm_Study-main\삼성 SW 역량 테스트 기출문제\이차원 배열과 연산.cpp">
      <Filter>소스 파일\삼성 SW 역량 테스트 기출문제</Filter>
    </ClCompile>
    <ClCompile Include="..\..\..\Downloads\Algorithm_Study-main\Algorithm_Study-main\삼성 SW 역량 테스트 기출문제\인구이동.cpp">
      <Filter>소스 파일\삼성 SW 역량 테스트 기출문제</Filter>
    </ClCompile>
    <ClCompile Include="..\..\..\Downloads\Algorithm_Study-main\Algorithm_Study-main\삼성 SW 역량 테스트 기출문제\주사위 윷놀이.cpp">
      <Filter>소스 파일\삼성 SW 역량 테스트 기출문제</Filter>
    </ClCompile>
    <ClCompile Include="..\..\..\Downloads\Algorithm_Study-main\Algorithm_Study-main\삼성 SW 역량 테스트 기출문제\주사위굴리기.cpp">
      <Filter>소스 파일\삼성 SW 역량 테스트 기출문제</Filter>
    </ClCompile>
    <ClCompile Include="..\..\..\Downloads\Algorithm_Study-main\Algorithm_Study-main\삼성 SW 역량 테스트 기출문제\청소년상어.cpp">
      <Filter>소스 파일\삼성 SW 역량 테스트 기출문제</Filter>
    </ClCompile>
    <ClCompile Include="..\..\..\Downloads\Algorithm_Study-main\Algorithm_Study-main\삼성 SW 역량 테스트 기출문제\치킨배달.cpp">
      <Filter>소스 파일\삼성 SW 역량 테스트 기출문제</Filter>
    </ClCompile>
    <ClCompile Include="..\..\..\Downloads\Algorithm_Study-main\Algorithm_Study-main\삼성 SW 역량 테스트 기출문제\컨베이어 벨트 위의 로봇cpp.cpp">
      <Filter>소스 파일\삼성 SW 역량 테스트 기출문제</Filter>
    </ClCompile>
    <ClCompile Include="..\..\..\Downloads\Algorithm_Study-main\Algorithm_Study-main\삼성 SW 역량 테스트 기출문제\큐빙.cpp">
      <Filter>소스 파일\삼성 SW 역량 테스트 기출문제</Filter>
    </ClCompile>
    <ClCompile Include="..\..\..\Downloads\Algorithm_Study-main\Algorithm_Study-main\삼성 SW 역량 테스트 기출문제\테트로미노.cpp">
      <Filter>소스 파일\삼성 SW 역량 테스트 기출문제</Filter>
    </ClCompile>
    <ClCompile Include="..\..\..\Downloads\Algorithm_Study-main\Algorithm_Study-main\삼성 SW 역량 테스트 기출문제\톱니바퀴.cpp">
      <Filter>소스 파일\삼성 SW 역량 테스트 기출문제</Filter>
    </ClCompile>
    <ClCompile Include="..\..\..\Downloads\Algorithm_Study-main\Algorithm_Study-main\삼성 SW 역량 테스트 기출문제\퇴사.cpp">
      <Filter>소스 파일\삼성 SW 역량 테스트 기출문제</Filter>
    </ClCompile>
    <ClCompile Include="..\..\..\Downloads\Algorithm_Study-main\Algorithm_Study-main\삼성 SW 역량 테스트 기출문제\2048.cpp">
      <Filter>소스 파일\삼성 SW 역량 테스트 기출문제</Filter>
    </ClCompile>
    <ClCompile Include="..\..\..\Downloads\Algorithm_Study-main\Algorithm_Study-main\삼성 SW 역량 테스트 기출문제\감시.cpp">
      <Filter>소스 파일\삼성 SW 역량 테스트 기출문제</Filter>
    </ClCompile>
    <ClCompile Include="..\..\..\Downloads\Algorithm_Study-main\Algorithm_Study-main\삼성 SW 역량 테스트 기출문제\게리맨더링2.cpp">
      <Filter>소스 파일\삼성 SW 역량 테스트 기출문제</Filter>
    </ClCompile>
    <ClCompile Include="..\..\..\Downloads\Algorithm_Study-main\Algorithm_Study-main\삼성 SW 역량 테스트 기출문제\경사로.cpp">
      <Filter>소스 파일\삼성 SW 역량 테스트 기출문제</Filter>
    </ClCompile>
    <ClCompile Include="..\..\..\Downloads\Algorithm_Study-main\Algorithm_Study-main\삼성 SW 역량 테스트 기출문제\구슬탈출2.cpp">
      <Filter>소스 파일\삼성 SW 역량 테스트 기출문제</Filter>
    </ClCompile>
    <ClCompile Include="..\..\..\Downloads\Algorithm_Study-main\Algorithm_Study-main\삼성 SW 역량 테스트 기출문제\나무재테크.cpp">
      <Filter>소스 파일\삼성 SW 역량 테스트 기출문제</Filter>
    </ClCompile>
    <ClCompile Include="..\..\..\Downloads\Algorithm_Study-main\Algorithm_Study-main\삼성 SW 역량 테스트 기출문제\낚시왕.cpp">
      <Filter>소스 파일\삼성 SW 역량 테스트 기출문제</Filter>
    </ClCompile>
  </ItemGroup>
  <ItemGroup>
    <None Include="..\..\..\Downloads\Algorithm_Study-main\Algorithm_Study-main\삼성 SW 역량 테스트 기출문제\상어초등학교">
      <Filter>소스 파일\삼성 SW 역량 테스트 기출문제</Filter>
    </None>
  </ItemGroup>
</Project>